
Microsoft Visual Studio Solution File, Format Version 12.00
# Visual Studio Version 16
VisualStudioVersion = 16.0.29709.97
MinimumVisualStudioVersion = 10.0.40219.1
Project("{FAE04EC0-301F-11D3-BF4B-00C04F79EFBC}") = "LibPfkMod", "LibPfkMod\LibPfkMod.csproj", "{AE3E6D01-793D-495A-B7C5-50F8666876E0}"
EndProject
Project("{FAE04EC0-301F-11D3-BF4B-00C04F79EFBC}") = "PfkSheetMaker", "PfkSheetMaker\PfkSheetMaker.csproj", "{7B8E1173-874A-43D9-B179-81D3D272903A}"
EndProject
Project("{FAE04EC0-301F-11D3-BF4B-00C04F79EFBC}") = "PfkModMaker", "PfkModMaker\PfkModMaker.csproj", "{5F39F7DB-7196-4B62-B968-655EEFD65C42}"
EndProject
Global
	GlobalSection(SolutionConfigurationPlatforms) = preSolution
		Debug|Any CPU = Debug|Any CPU
		Release|Any CPU = Release|Any CPU
	EndGlobalSection
	GlobalSection(ProjectConfigurationPlatforms) = postSolution
		{AE3E6D01-793D-495A-B7C5-50F8666876E0}.Debug|Any CPU.ActiveCfg = Debug|Any CPU
		{AE3E6D01-793D-495A-B7C5-50F8666876E0}.Debug|Any CPU.Build.0 = Debug|Any CPU
		{AE3E6D01-793D-495A-B7C5-50F8666876E0}.Release|Any CPU.ActiveCfg = Release|Any CPU
		{AE3E6D01-793D-495A-B7C5-50F8666876E0}.Release|Any CPU.Build.0 = Release|Any CPU
		{7B8E1173-874A-43D9-B179-81D3D272903A}.Debug|Any CPU.ActiveCfg = Debug|Any CPU
		{7B8E1173-874A-43D9-B179-81D3D272903A}.Debug|Any CPU.Build.0 = Debug|Any CPU
		{7B8E1173-874A-43D9-B179-81D3D272903A}.Release|Any CPU.ActiveCfg = Release|Any CPU
		{7B8E1173-874A-43D9-B179-81D3D272903A}.Release|Any CPU.Build.0 = Release|Any CPU
		{5F39F7DB-7196-4B62-B968-655EEFD65C42}.Debug|Any CPU.ActiveCfg = Debug|Any CPU
		{5F39F7DB-7196-4B62-B968-655EEFD65C42}.Debug|Any CPU.Build.0 = Debug|Any CPU
		{5F39F7DB-7196-4B62-B968-655EEFD65C42}.Release|Any CPU.ActiveCfg = Release|Any CPU
		{5F39F7DB-7196-4B62-B968-655EEFD65C42}.Release|Any CPU.Build.0 = Release|Any CPU
	EndGlobalSection
	GlobalSection(SolutionProperties) = preSolution
		HideSolutionNode = FALSE
	EndGlobalSection
	GlobalSection(ExtensibilityGlobals) = postSolution
		SolutionGuid = {4C5AD04D-52B7-4300-984F-7E15864CD136}
	EndGlobalSection
EndGlobal
